
Microsoft Visual Studio Solution File, Format Version 12.00
# Visual Studio Version 16
VisualStudioVersion = 16.0.31205.134
MinimumVisualStudioVersion = 10.0.40219.1
Project("{FAE04EC0-301F-11D3-BF4B-00C04F79EFBC}") = "QLsinhvien", "QLsinhvien\QLsinhvien.csproj", "{AD55946F-062A-4771-AA30-A5E3ADB43C90}"
EndProject
Global
	GlobalSection(SolutionConfigurationPlatforms) = preSolution
		Debug|Any CPU = Debug|Any CPU
		Release|Any CPU = Release|Any CPU
	EndGlobalSection
	GlobalSection(ProjectConfigurationPlatforms) = postSolution
		{AD55946F-062A-4771-AA30-A5E3ADB43C90}.Debug|Any CPU.ActiveCfg = Debug|Any CPU
		{AD55946F-062A-4771-AA30-A5E3ADB43C90}.Debug|Any CPU.Build.0 = Debug|Any CPU
		{AD55946F-062A-4771-AA30-A5E3ADB43C90}.Release|Any CPU.ActiveCfg = Release|Any CPU
		{AD55946F-062A-4771-AA30-A5E3ADB43C90}.Release|Any CPU.Build.0 = Release|Any CPU
	EndGlobalSection
	GlobalSection(SolutionProperties) = preSolution
		HideSolutionNode = FALSE
	EndGlobalSection
	GlobalSection(ExtensibilityGlobals) = postSolution
		SolutionGuid = {AE2BC914-A0D3-470B-B341-3478202186E4}
	EndGlobalSection
EndGlobal
