
Microsoft Visual Studio Solution File, Format Version 12.00
# Visual Studio Version 16
VisualStudioVersion = 16.0.31702.278
MinimumVisualStudioVersion = 10.0.40219.1
Project("{FAE04EC0-301F-11D3-BF4B-00C04F79EFBC}") = "cau 1", "cau 1\cau 1.csproj", "{DB9EFC55-CF5E-4A07-9355-1B86B18DCB4C}"
EndProject
Global
	GlobalSection(SolutionConfigurationPlatforms) = preSolution
		Debug|Any CPU = Debug|Any CPU
		Release|Any CPU = Release|Any CPU
	EndGlobalSection
	GlobalSection(ProjectConfigurationPlatforms) = postSolution
		{DB9EFC55-CF5E-4A07-9355-1B86B18DCB4C}.Debug|Any CPU.ActiveCfg = Debug|Any CPU
		{DB9EFC55-CF5E-4A07-9355-1B86B18DCB4C}.Debug|Any CPU.Build.0 = Debug|Any CPU
		{DB9EFC55-CF5E-4A07-9355-1B86B18DCB4C}.Release|Any CPU.ActiveCfg = Release|Any CPU
		{DB9EFC55-CF5E-4A07-9355-1B86B18DCB4C}.Release|Any CPU.Build.0 = Release|Any CPU
	EndGlobalSection
	GlobalSection(SolutionProperties) = preSolution
		HideSolutionNode = FALSE
	EndGlobalSection
	GlobalSection(ExtensibilityGlobals) = postSolution
		SolutionGuid = {ECD96796-0135-464C-8209-21EC971D0AEF}
	EndGlobalSection
EndGlobal
