
Microsoft Visual Studio Solution File, Format Version 12.00
# Visual Studio 2012
Project("{FAE04EC0-301F-11D3-BF4B-00C04F79EFBC}") = "Câu 1", "Câu 1\Câu 1.csproj", "{31C79716-0958-4914-8E58-F9A31E695100}"
EndProject
Global
	GlobalSection(SolutionConfigurationPlatforms) = preSolution
		Debug|Any CPU = Debug|Any CPU
		Release|Any CPU = Release|Any CPU
	EndGlobalSection
	GlobalSection(ProjectConfigurationPlatforms) = postSolution
		{31C79716-0958-4914-8E58-F9A31E695100}.Debug|Any CPU.ActiveCfg = Debug|Any CPU
		{31C79716-0958-4914-8E58-F9A31E695100}.Debug|Any CPU.Build.0 = Debug|Any CPU
		{31C79716-0958-4914-8E58-F9A31E695100}.Release|Any CPU.ActiveCfg = Release|Any CPU
		{31C79716-0958-4914-8E58-F9A31E695100}.Release|Any CPU.Build.0 = Release|Any CPU
	EndGlobalSection
	GlobalSection(SolutionProperties) = preSolution
		HideSolutionNode = FALSE
	EndGlobalSection
EndGlobal
