
Microsoft Visual Studio Solution File, Format Version 12.00
# Visual Studio Version 16
VisualStudioVersion = 16.0.31702.278
MinimumVisualStudioVersion = 10.0.40219.1
Project("{FAE04EC0-301F-11D3-BF4B-00C04F79EFBC}") = "Cau 2", "Cau 2\Cau 2.csproj", "{664BCC64-B550-49AC-9B3A-2989E7888A9A}"
EndProject
Global
	GlobalSection(SolutionConfigurationPlatforms) = preSolution
		Debug|Any CPU = Debug|Any CPU
		Release|Any CPU = Release|Any CPU
	EndGlobalSection
	GlobalSection(ProjectConfigurationPlatforms) = postSolution
		{664BCC64-B550-49AC-9B3A-2989E7888A9A}.Debug|Any CPU.ActiveCfg = Debug|Any CPU
		{664BCC64-B550-49AC-9B3A-2989E7888A9A}.Debug|Any CPU.Build.0 = Debug|Any CPU
		{664BCC64-B550-49AC-9B3A-2989E7888A9A}.Release|Any CPU.ActiveCfg = Release|Any CPU
		{664BCC64-B550-49AC-9B3A-2989E7888A9A}.Release|Any CPU.Build.0 = Release|Any CPU
	EndGlobalSection
	GlobalSection(SolutionProperties) = preSolution
		HideSolutionNode = FALSE
	EndGlobalSection
	GlobalSection(ExtensibilityGlobals) = postSolution
		SolutionGuid = {5F995A93-1A11-4778-8CF9-24D8F406269B}
	EndGlobalSection
EndGlobal
