
Microsoft Visual Studio Solution File, Format Version 12.00
# Visual Studio 2012
Project("{FAE04EC0-301F-11D3-BF4B-00C04F79EFBC}") = "Câu 1", "Câu 1\Câu 1.csproj", "{863A94CA-4BF0-4177-9B85-DA06BA0040C0}"
EndProject
Global
	GlobalSection(SolutionConfigurationPlatforms) = preSolution
		Debug|Any CPU = Debug|Any CPU
		Release|Any CPU = Release|Any CPU
	EndGlobalSection
	GlobalSection(ProjectConfigurationPlatforms) = postSolution
		{863A94CA-4BF0-4177-9B85-DA06BA0040C0}.Debug|Any CPU.ActiveCfg = Debug|Any CPU
		{863A94CA-4BF0-4177-9B85-DA06BA0040C0}.Debug|Any CPU.Build.0 = Debug|Any CPU
		{863A94CA-4BF0-4177-9B85-DA06BA0040C0}.Release|Any CPU.ActiveCfg = Release|Any CPU
		{863A94CA-4BF0-4177-9B85-DA06BA0040C0}.Release|Any CPU.Build.0 = Release|Any CPU
	EndGlobalSection
	GlobalSection(SolutionProperties) = preSolution
		HideSolutionNode = FALSE
	EndGlobalSection
EndGlobal
